
Microsoft Visual Studio Solution File, Format Version 12.00
# Visual Studio 15
VisualStudioVersion = 15.0.28307.1300
MinimumVisualStudioVersion = 10.0.40219.1
Project("{FAE04EC0-301F-11D3-BF4B-00C04F79EFBC}") = "PeopleSoftTest", "PeopleSoftTest\PeopleSoftTest.csproj", "{EDEE86C7-D945-42DA-A7A5-F691B7C59F47}"
EndProject
Global
	GlobalSection(SolutionConfigurationPlatforms) = preSolution
		Debug|Any CPU = Debug|Any CPU
		Release|Any CPU = Release|Any CPU
	EndGlobalSection
	GlobalSection(ProjectConfigurationPlatforms) = postSolution
		{EDEE86C7-D945-42DA-A7A5-F691B7C59F47}.Debug|Any CPU.ActiveCfg = Debug|Any CPU
		{EDEE86C7-D945-42DA-A7A5-F691B7C59F47}.Debug|Any CPU.Build.0 = Debug|Any CPU
		{EDEE86C7-D945-42DA-A7A5-F691B7C59F47}.Release|Any CPU.ActiveCfg = Release|Any CPU
		{EDEE86C7-D945-42DA-A7A5-F691B7C59F47}.Release|Any CPU.Build.0 = Release|Any CPU
	EndGlobalSection
	GlobalSection(SolutionProperties) = preSolution
		HideSolutionNode = FALSE
	EndGlobalSection
	GlobalSection(ExtensibilityGlobals) = postSolution
		SolutionGuid = {E95E9A9C-9DB5-4186-8C0D-3F891BCA4D67}
	EndGlobalSection
EndGlobal
